
Microsoft Visual Studio Solution File, Format Version 12.00
# Visual Studio Version 17
VisualStudioVersion = 17.11.35327.3
MinimumVisualStudioVersion = 10.0.40219.1
Project("{9A19103F-16F7-4668-BE54-9A1E7A4F7556}") = "Ejercicio05", "Ejercicio05\Ejercicio05.csproj", "{480278DC-0D46-422D-ABC1-AD39991844DB}"
EndProject
Project("{FAE04EC0-301F-11D3-BF4B-00C04F79EFBC}") = "ENT", "ENT\ENT.csproj", "{6BE8D483-9E40-4322-B5EE-5A13F30C4832}"
EndProject
Project("{FAE04EC0-301F-11D3-BF4B-00C04F79EFBC}") = "DAL", "DAL\DAL.csproj", "{2FC525A2-A4C9-4168-9482-9D67B474BAE1}"
EndProject
Project("{FAE04EC0-301F-11D3-BF4B-00C04F79EFBC}") = "BL", "BL\BL.csproj", "{B5CCCA93-BAFD-4677-A12F-55F685DCF52E}"
EndProject
Global
	GlobalSection(SolutionConfigurationPlatforms) = preSolution
		Debug|Any CPU = Debug|Any CPU
		Release|Any CPU = Release|Any CPU
	EndGlobalSection
	GlobalSection(ProjectConfigurationPlatforms) = postSolution
		{480278DC-0D46-422D-ABC1-AD39991844DB}.Debug|Any CPU.ActiveCfg = Debug|Any CPU
		{480278DC-0D46-422D-ABC1-AD39991844DB}.Debug|Any CPU.Build.0 = Debug|Any CPU
		{480278DC-0D46-422D-ABC1-AD39991844DB}.Debug|Any CPU.Deploy.0 = Debug|Any CPU
		{480278DC-0D46-422D-ABC1-AD39991844DB}.Release|Any CPU.ActiveCfg = Release|Any CPU
		{480278DC-0D46-422D-ABC1-AD39991844DB}.Release|Any CPU.Build.0 = Release|Any CPU
		{480278DC-0D46-422D-ABC1-AD39991844DB}.Release|Any CPU.Deploy.0 = Release|Any CPU
		{6BE8D483-9E40-4322-B5EE-5A13F30C4832}.Debug|Any CPU.ActiveCfg = Debug|Any CPU
		{6BE8D483-9E40-4322-B5EE-5A13F30C4832}.Debug|Any CPU.Build.0 = Debug|Any CPU
		{6BE8D483-9E40-4322-B5EE-5A13F30C4832}.Release|Any CPU.ActiveCfg = Release|Any CPU
		{6BE8D483-9E40-4322-B5EE-5A13F30C4832}.Release|Any CPU.Build.0 = Release|Any CPU
		{2FC525A2-A4C9-4168-9482-9D67B474BAE1}.Debug|Any CPU.ActiveCfg = Debug|Any CPU
		{2FC525A2-A4C9-4168-9482-9D67B474BAE1}.Debug|Any CPU.Build.0 = Debug|Any CPU
		{2FC525A2-A4C9-4168-9482-9D67B474BAE1}.Release|Any CPU.ActiveCfg = Release|Any CPU
		{2FC525A2-A4C9-4168-9482-9D67B474BAE1}.Release|Any CPU.Build.0 = Release|Any CPU
		{B5CCCA93-BAFD-4677-A12F-55F685DCF52E}.Debug|Any CPU.ActiveCfg = Debug|Any CPU
		{B5CCCA93-BAFD-4677-A12F-55F685DCF52E}.Debug|Any CPU.Build.0 = Debug|Any CPU
		{B5CCCA93-BAFD-4677-A12F-55F685DCF52E}.Release|Any CPU.ActiveCfg = Release|Any CPU
		{B5CCCA93-BAFD-4677-A12F-55F685DCF52E}.Release|Any CPU.Build.0 = Release|Any CPU
	EndGlobalSection
	GlobalSection(SolutionProperties) = preSolution
		HideSolutionNode = FALSE
	EndGlobalSection
	GlobalSection(ExtensibilityGlobals) = postSolution
		SolutionGuid = {7FB5A03D-321E-4EE6-A03D-0EB542E409A2}
	EndGlobalSection
EndGlobal
