
Microsoft Visual Studio Solution File, Format Version 12.00
# Visual Studio Version 17
VisualStudioVersion = 17.11.35312.102
MinimumVisualStudioVersion = 10.0.40219.1
Project("{FAE04EC0-301F-11D3-BF4B-00C04F79EFBC}") = "EJercicio02", "EJercicio02\EJercicio02.csproj", "{FA86DE07-C7D2-47ED-95A1-6ED22A3AB97C}"
EndProject
Global
	GlobalSection(SolutionConfigurationPlatforms) = preSolution
		Debug|Any CPU = Debug|Any CPU
		Release|Any CPU = Release|Any CPU
	EndGlobalSection
	GlobalSection(ProjectConfigurationPlatforms) = postSolution
		{FA86DE07-C7D2-47ED-95A1-6ED22A3AB97C}.Debug|Any CPU.ActiveCfg = Debug|Any CPU
		{FA86DE07-C7D2-47ED-95A1-6ED22A3AB97C}.Debug|Any CPU.Build.0 = Debug|Any CPU
		{FA86DE07-C7D2-47ED-95A1-6ED22A3AB97C}.Debug|Any CPU.Deploy.0 = Debug|Any CPU
		{FA86DE07-C7D2-47ED-95A1-6ED22A3AB97C}.Release|Any CPU.ActiveCfg = Release|Any CPU
		{FA86DE07-C7D2-47ED-95A1-6ED22A3AB97C}.Release|Any CPU.Build.0 = Release|Any CPU
		{FA86DE07-C7D2-47ED-95A1-6ED22A3AB97C}.Release|Any CPU.Deploy.0 = Release|Any CPU
	EndGlobalSection
	GlobalSection(SolutionProperties) = preSolution
		HideSolutionNode = FALSE
	EndGlobalSection
	GlobalSection(ExtensibilityGlobals) = postSolution
		SolutionGuid = {0C364A30-7D7C-41A6-8EA6-4C2A53DF2DDB}
	EndGlobalSection
EndGlobal
